
Microsoft Visual Studio Solution File, Format Version 12.00
# Visual Studio 15
VisualStudioVersion = 15.0.26430.6
MinimumVisualStudioVersion = 10.0.40219.1
Project("{FAE04EC0-301F-11D3-BF4B-00C04F79EFBC}") = "ArrayOperationsTest", "ArrayOperationsTest\ArrayOperationsTest.csproj", "{F133E815-8E0B-4CAF-9F90-FA9BFA77C04C}"
EndProject
Project("{FAE04EC0-301F-11D3-BF4B-00C04F79EFBC}") = "OperationsOfArrayInLINQ", "OperationsOfArrayInLINQ\OperationsOfArrayInLINQ.csproj", "{FDB4BF46-3A06-4626-B312-D25B63DB1329}"
EndProject
Global
	GlobalSection(SolutionConfigurationPlatforms) = preSolution
		Debug|Any CPU = Debug|Any CPU
		Release|Any CPU = Release|Any CPU
	EndGlobalSection
	GlobalSection(ProjectConfigurationPlatforms) = postSolution
		{F133E815-8E0B-4CAF-9F90-FA9BFA77C04C}.Debug|Any CPU.ActiveCfg = Debug|Any CPU
		{F133E815-8E0B-4CAF-9F90-FA9BFA77C04C}.Debug|Any CPU.Build.0 = Debug|Any CPU
		{F133E815-8E0B-4CAF-9F90-FA9BFA77C04C}.Release|Any CPU.ActiveCfg = Release|Any CPU
		{F133E815-8E0B-4CAF-9F90-FA9BFA77C04C}.Release|Any CPU.Build.0 = Release|Any CPU
		{FDB4BF46-3A06-4626-B312-D25B63DB1329}.Debug|Any CPU.ActiveCfg = Debug|Any CPU
		{FDB4BF46-3A06-4626-B312-D25B63DB1329}.Debug|Any CPU.Build.0 = Debug|Any CPU
		{FDB4BF46-3A06-4626-B312-D25B63DB1329}.Release|Any CPU.ActiveCfg = Release|Any CPU
		{FDB4BF46-3A06-4626-B312-D25B63DB1329}.Release|Any CPU.Build.0 = Release|Any CPU
	EndGlobalSection
	GlobalSection(SolutionProperties) = preSolution
		HideSolutionNode = FALSE
	EndGlobalSection
EndGlobal
